// !$*UTF8*$!
{
	archiveVersion = 1;
	classes = {
	};
	objectVersion = 50;
	objects = {

/* Begin PBXBuildFile section */
		7A8DFD91256E068400C173E5 /* AppDelegate.swift in Sources */ = {isa = PBXBuildFile; fileRef = 7A8DFD90256E068400C173E5 /* AppDelegate.swift */; };
		7A8DFD93256E068400C173E5 /* SceneDelegate.swift in Sources */ = {isa = PBXBuildFile; fileRef = 7A8DFD92256E068400C173E5 /* SceneDelegate.swift */; };
		7A8DFD95256E068400C173E5 /* ViewController.swift in Sources */ = {isa = PBXBuildFile; fileRef = 7A8DFD94256E068400C173E5 /* ViewController.swift */; };
		7A8DFD98256E068400C173E5 /* Main.storyboard in Resources */ = {isa = PBXBuildFile; fileRef = 7A8DFD96256E068400C173E5 /* Main.storyboard */; };
		7A8DFD9A256E068500C173E5 /* Assets.xcassets in Resources */ = {isa = PBXBuildFile; fileRef = 7A8DFD99256E068500C173E5 /* Assets.xcassets */; };
		7A8DFD9D256E068500C173E5 /* LaunchScreen.storyboard in Resources */ = {isa = PBXBuildFile; fileRef = 7A8DFD9B256E068500C173E5 /* LaunchScreen.storyboard */; };
		7A8DFDA8256E068500C173E5 /* Unsplash_KrakenTests.swift in Sources */ = {isa = PBXBuildFile; fileRef = 7A8DFDA7256E068500C173E5 /* Unsplash_KrakenTests.swift */; };
		7A8DFDB3256E068500C173E5 /* Unsplash_KrakenUITests.swift in Sources */ = {isa = PBXBuildFile; fileRef = 7A8DFDB2256E068500C173E5 /* Unsplash_KrakenUITests.swift */; };
		7AB5C006256E0CA100C45814 /* Extension.swift in Sources */ = {isa = PBXBuildFile; fileRef = 7AB5C005256E0CA100C45814 /* Extension.swift */; };
		7AB5C00B256E109300C45814 /* Model.swift in Sources */ = {isa = PBXBuildFile; fileRef = 7AB5C00A256E109300C45814 /* Model.swift */; };
		7AB5C011256E138200C45814 /* ImageCollectionViewCell.swift in Sources */ = {isa = PBXBuildFile; fileRef = 7AB5C00F256E138200C45814 /* ImageCollectionViewCell.swift */; };
		7AB5C012256E138200C45814 /* ImageCollectionViewCell.xib in Resources */ = {isa = PBXBuildFile; fileRef = 7AB5C010256E138200C45814 /* ImageCollectionViewCell.xib */; };
		7ACE36B6256E56D000D0363B /* ImageViewController.swift in Sources */ = {isa = PBXBuildFile; fileRef = 7ACE36B5256E56D000D0363B /* ImageViewController.swift */; };
		7AFDC1A52570971200D1BDC1 /* README.md in Resources */ = {isa = PBXBuildFile; fileRef = 7AFDC1A42570971200D1BDC1 /* README.md */; };
/* End PBXBuildFile section */

/* Begin PBXContainerItemProxy section */
		7A8DFDA4256E068500C173E5 /* PBXContainerItemProxy */ = {
			isa = PBXContainerItemProxy;
			containerPortal = 7A8DFD85256E068400C173E5 /* Project object */;
			proxyType = 1;
			remoteGlobalIDString = 7A8DFD8C256E068400C173E5;
			remoteInfo = "Unsplash Kraken";
		};
		7A8DFDAF256E068500C173E5 /* PBXContainerItemProxy */ = {
			isa = PBXContainerItemProxy;
			containerPortal = 7A8DFD85256E068400C173E5 /* Project object */;
			proxyType = 1;
			remoteGlobalIDString = 7A8DFD8C256E068400C173E5;
			remoteInfo = "Unsplash Kraken";
		};
/* End PBXContainerItemProxy section */

/* Begin PBXFileReference section */
		7A8DFD8D256E068400C173E5 /* Unsplash Kraken.app */ = {isa = PBXFileReference; explicitFileType = wrapper.application; includeInIndex = 0; path = "Unsplash Kraken.app"; sourceTree = BUILT_PRODUCTS_DIR; };
		7A8DFD90256E068400C173E5 /* AppDelegate.swift */ = {isa = PBXFileReference; lastKnownFileType = sourcecode.swift; path = AppDelegate.swift; sourceTree = "<group>"; };
		7A8DFD92256E068400C173E5 /* SceneDelegate.swift */ = {isa = PBXFileReference; lastKnownFileType = sourcecode.swift; path = SceneDelegate.swift; sourceTree = "<group>"; };
		7A8DFD94256E068400C173E5 /* ViewController.swift */ = {isa = PBXFileReference; lastKnownFileType = sourcecode.swift; path = ViewController.swift; sourceTree = "<group>"; };
		7A8DFD97256E068400C173E5 /* Base */ = {isa = PBXFileReference; lastKnownFileType = file.storyboard; name = Base; path = Base.lproj/Main.storyboard; sourceTree = "<group>"; };
		7A8DFD99256E068500C173E5 /* Assets.xcassets */ = {isa = PBXFileReference; lastKnownFileType = folder.assetcatalog; path = Assets.xcassets; sourceTree = "<group>"; };
		7A8DFD9C256E068500C173E5 /* Base */ = {isa = PBXFileReference; lastKnownFileType = file.storyboard; name = Base; path = Base.lproj/LaunchScreen.storyboard; sourceTree = "<group>"; };
		7A8DFD9E256E068500C173E5 /* Info.plist */ = {isa = PBXFileReference; lastKnownFileType = text.plist.xml; path = Info.plist; sourceTree = "<group>"; };
		7A8DFDA3256E068500C173E5 /* Unsplash KrakenTests.xctest */ = {isa = PBXFileReference; explicitFileType = wrapper.cfbundle; includeInIndex = 0; path = "Unsplash KrakenTests.xctest"; sourceTree = BUILT_PRODUCTS_DIR; };
		7A8DFDA7256E068500C173E5 /* Unsplash_KrakenTests.swift */ = {isa = PBXFileReference; lastKnownFileType = sourcecode.swift; path = Unsplash_KrakenTests.swift; sourceTree = "<group>"; };
		7A8DFDA9256E068500C173E5 /* Info.plist */ = {isa = PBXFileReference; lastKnownFileType = text.plist.xml; path = Info.plist; sourceTree = "<group>"; };
		7A8DFDAE256E068500C173E5 /* Unsplash KrakenUITests.xctest */ = {isa = PBXFileReference; explicitFileType = wrapper.cfbundle; includeInIndex = 0; path = "Unsplash KrakenUITests.xctest"; sourceTree = BUILT_PRODUCTS_DIR; };
		7A8DFDB2256E068500C173E5 /* Unsplash_KrakenUITests.swift */ = {isa = PBXFileReference; lastKnownFileType = sourcecode.swift; path = Unsplash_KrakenUITests.swift; sourceTree = "<group>"; };
		7A8DFDB4256E068500C173E5 /* Info.plist */ = {isa = PBXFileReference; lastKnownFileType = text.plist.xml; path = Info.plist; sourceTree = "<group>"; };
		7AB5C005256E0CA100C45814 /* Extension.swift */ = {isa = PBXFileReference; lastKnownFileType = sourcecode.swift; path = Extension.swift; sourceTree = "<group>"; };
		7AB5C00A256E109300C45814 /* Model.swift */ = {isa = PBXFileReference; fileEncoding = 4; lastKnownFileType = sourcecode.swift; path = Model.swift; sourceTree = "<group>"; };
		7AB5C00F256E138200C45814 /* ImageCollectionViewCell.swift */ = {isa = PBXFileReference; lastKnownFileType = sourcecode.swift; path = ImageCollectionViewCell.swift; sourceTree = "<group>"; };
		7AB5C010256E138200C45814 /* ImageCollectionViewCell.xib */ = {isa = PBXFileReference; lastKnownFileType = file.xib; path = ImageCollectionViewCell.xib; sourceTree = "<group>"; };
		7ACE36B5256E56D000D0363B /* ImageViewController.swift */ = {isa = PBXFileReference; lastKnownFileType = sourcecode.swift; path = ImageViewController.swift; sourceTree = "<group>"; };
		7AFDC1A42570971200D1BDC1 /* README.md */ = {isa = PBXFileReference; fileEncoding = 4; lastKnownFileType = net.daringfireball.markdown; path = README.md; sourceTree = "<group>"; };
/* End PBXFileReference section */

/* Begin PBXFrameworksBuildPhase section */
		7A8DFD8A256E068400C173E5 /* Frameworks */ = {
			isa = PBXFrameworksBuildPhase;
			buildActionMask = 2147483647;
			files = (
			);
			runOnlyForDeploymentPostprocessing = 0;
		};
		7A8DFDA0256E068500C173E5 /* Frameworks */ = {
			isa = PBXFrameworksBuildPhase;
			buildActionMask = 2147483647;
			files = (
			);
			runOnlyForDeploymentPostprocessing = 0;
		};
		7A8DFDAB256E068500C173E5 /* Frameworks */ = {
			isa = PBXFrameworksBuildPhase;
			buildActionMask = 2147483647;
			files = (
			);
			runOnlyForDeploymentPostprocessing = 0;
		};
/* End PBXFrameworksBuildPhase section */

/* Begin PBXGroup section */
		7A8DFD84256E068400C173E5 = {
			isa = PBXGroup;
			children = (
				7AFDC1A42570971200D1BDC1 /* README.md */,
				7A8DFD8F256E068400C173E5 /* Unsplash Kraken */,
				7A8DFDA6256E068500C173E5 /* Unsplash KrakenTests */,
				7A8DFDB1256E068500C173E5 /* Unsplash KrakenUITests */,
				7A8DFD8E256E068400C173E5 /* Products */,
			);
			sourceTree = "<group>";
		};
		7A8DFD8E256E068400C173E5 /* Products */ = {
			isa = PBXGroup;
			children = (
				7A8DFD8D256E068400C173E5 /* Unsplash Kraken.app */,
				7A8DFDA3256E068500C173E5 /* Unsplash KrakenTests.xctest */,
				7A8DFDAE256E068500C173E5 /* Unsplash KrakenUITests.xctest */,
			);
			name = Products;
			sourceTree = "<group>";
		};
		7A8DFD8F256E068400C173E5 /* Unsplash Kraken */ = {
			isa = PBXGroup;
			children = (
				7A8DFD90256E068400C173E5 /* AppDelegate.swift */,
				7A8DFD92256E068400C173E5 /* SceneDelegate.swift */,
				7ACE779C256FE26B0086B3C4 /* Extension */,
				7ACE7799256FE22B0086B3C4 /* Model */,
				7ACE779A256FE2330086B3C4 /* Controller */,
				7ACE779B256FE23A0086B3C4 /* View */,
				7A8DFD99256E068500C173E5 /* Assets.xcassets */,
				7A8DFD9B256E068500C173E5 /* LaunchScreen.storyboard */,
				7A8DFD9E256E068500C173E5 /* Info.plist */,
			);
			path = "Unsplash Kraken";
			sourceTree = "<group>";
		};
		7A8DFDA6256E068500C173E5 /* Unsplash KrakenTests */ = {
			isa = PBXGroup;
			children = (
				7A8DFDA7256E068500C173E5 /* Unsplash_KrakenTests.swift */,
				7A8DFDA9256E068500C173E5 /* Info.plist */,
			);
			path = "Unsplash KrakenTests";
			sourceTree = "<group>";
		};
		7A8DFDB1256E068500C173E5 /* Unsplash KrakenUITests */ = {
			isa = PBXGroup;
			children = (
				7A8DFDB2256E068500C173E5 /* Unsplash_KrakenUITests.swift */,
				7A8DFDB4256E068500C173E5 /* Info.plist */,
			);
			path = "Unsplash KrakenUITests";
			sourceTree = "<group>";
		};
		7ACE7799256FE22B0086B3C4 /* Model */ = {
			isa = PBXGroup;
			children = (
				7AB5C00A256E109300C45814 /* Model.swift */,
			);
			path = Model;
			sourceTree = "<group>";
		};
		7ACE779A256FE2330086B3C4 /* Controller */ = {
			isa = PBXGroup;
			children = (
				7A8DFD94256E068400C173E5 /* ViewController.swift */,
				7ACE36B5256E56D000D0363B /* ImageViewController.swift */,
			);
			path = Controller;
			sourceTree = "<group>";
		};
		7ACE779B256FE23A0086B3C4 /* View */ = {
			isa = PBXGroup;
			children = (
				7AB5C00F256E138200C45814 /* ImageCollectionViewCell.swift */,
				7AB5C010256E138200C45814 /* ImageCollectionViewCell.xib */,
				7A8DFD96256E068400C173E5 /* Main.storyboard */,
			);
			path = View;
			sourceTree = "<group>";
		};
		7ACE779C256FE26B0086B3C4 /* Extension */ = {
			isa = PBXGroup;
			children = (
				7AB5C005256E0CA100C45814 /* Extension.swift */,
			);
			path = Extension;
			sourceTree = "<group>";
		};
/* End PBXGroup section */

/* Begin PBXNativeTarget section */
		7A8DFD8C256E068400C173E5 /* Unsplash Kraken */ = {
			isa = PBXNativeTarget;
			buildConfigurationList = 7A8DFDB7256E068500C173E5 /* Build configuration list for PBXNativeTarget "Unsplash Kraken" */;
			buildPhases = (
				7A8DFD89256E068400C173E5 /* Sources */,
				7A8DFD8A256E068400C173E5 /* Frameworks */,
				7A8DFD8B256E068400C173E5 /* Resources */,
			);
			buildRules = (
			);
			dependencies = (
			);
			name = "Unsplash Kraken";
			productName = "Unsplash Kraken";
			productReference = 7A8DFD8D256E068400C173E5 /* Unsplash Kraken.app */;
			productType = "com.apple.product-type.application";
		};
		7A8DFDA2256E068500C173E5 /* Unsplash KrakenTests */ = {
			isa = PBXNativeTarget;
			buildConfigurationList = 7A8DFDBA256E068500C173E5 /* Build configuration list for PBXNativeTarget "Unsplash KrakenTests" */;
			buildPhases = (
				7A8DFD9F256E068500C173E5 /* Sources */,
				7A8DFDA0256E068500C173E5 /* Frameworks */,
				7A8DFDA1256E068500C173E5 /* Resources */,
			);
			buildRules = (
			);
			dependencies = (
				7A8DFDA5256E068500C173E5 /* PBXTargetDependency */,
			);
			name = "Unsplash KrakenTests";
			productName = "Unsplash KrakenTests";
			productReference = 7A8DFDA3256E068500C173E5 /* Unsplash KrakenTests.xctest */;
			productType = "com.apple.product-type.bundle.unit-test";
		};
		7A8DFDAD256E068500C173E5 /* Unsplash KrakenUITests */ = {
			isa = PBXNativeTarget;
			buildConfigurationList = 7A8DFDBD256E068500C173E5 /* Build configuration list for PBXNativeTarget "Unsplash KrakenUITests" */;
			buildPhases = (
				7A8DFDAA256E068500C173E5 /* Sources */,
				7A8DFDAB256E068500C173E5 /* Frameworks */,
				7A8DFDAC256E068500C173E5 /* Resources */,
			);
			buildRules = (
			);
			dependencies = (
				7A8DFDB0256E068500C173E5 /* PBXTargetDependency */,
			);
			name = "Unsplash KrakenUITests";
			productName = "Unsplash KrakenUITests";
			productReference = 7A8DFDAE256E068500C173E5 /* Unsplash KrakenUITests.xctest */;
			productType = "com.apple.product-type.bundle.ui-testing";
		};
/* End PBXNativeTarget section */

/* Begin PBXProject section */
		7A8DFD85256E068400C173E5 /* Project object */ = {
			isa = PBXProject;
			attributes = {
				LastSwiftUpdateCheck = 1220;
				LastUpgradeCheck = 1220;
				TargetAttributes = {
					7A8DFD8C256E068400C173E5 = {
						CreatedOnToolsVersion = 12.2;
					};
					7A8DFDA2256E068500C173E5 = {
						CreatedOnToolsVersion = 12.2;
						TestTargetID = 7A8DFD8C256E068400C173E5;
					};
					7A8DFDAD256E068500C173E5 = {
						CreatedOnToolsVersion = 12.2;
						TestTargetID = 7A8DFD8C256E068400C173E5;
					};
				};
			};
			buildConfigurationList = 7A8DFD88256E068400C173E5 /* Build configuration list for PBXProject "Unsplash Kraken" */;
			compatibilityVersion = "Xcode 9.3";
			developmentRegion = en;
			hasScannedForEncodings = 0;
			knownRegions = (
				en,
				Base,
			);
			mainGroup = 7A8DFD84256E068400C173E5;
			productRefGroup = 7A8DFD8E256E068400C173E5 /* Products */;
			projectDirPath = "";
			projectRoot = "";
			targets = (
				7A8DFD8C256E068400C173E5 /* Unsplash Kraken */,
				7A8DFDA2256E068500C173E5 /* Unsplash KrakenTests */,
				7A8DFDAD256E068500C173E5 /* Unsplash KrakenUITests */,
			);
		};
/* End PBXProject section */

/* Begin PBXResourcesBuildPhase section */
		7A8DFD8B256E068400C173E5 /* Resources */ = {
			isa = PBXResourcesBuildPhase;
			buildActionMask = 2147483647;
			files = (
				7A8DFD9D256E068500C173E5 /* LaunchScreen.storyboard in Resources */,
				7A8DFD9A256E068500C173E5 /* Assets.xcassets in Resources */,
				7AFDC1A52570971200D1BDC1 /* README.md in Resources */,
				7AB5C012256E138200C45814 /* ImageCollectionViewCell.xib in Resources */,
				7A8DFD98256E068400C173E5 /* Main.storyboard in Resources */,
			);
			runOnlyForDeploymentPostprocessing = 0;
		};
		7A8DFDA1256E068500C173E5 /* Resources */ = {
			isa = PBXResourcesBuildPhase;
			buildActionMask = 2147483647;
			files = (
			);
			runOnlyForDeploymentPostprocessing = 0;
		};
		7A8DFDAC256E068500C173E5 /* Resources */ = {
			isa = PBXResourcesBuildPhase;
			buildActionMask = 2147483647;
			files = (
			);
			runOnlyForDeploymentPostprocessing = 0;
		};
/* End PBXResourcesBuildPhase section */

/* Begin PBXSourcesBuildPhase section */
		7A8DFD89256E068400C173E5 /* Sources */ = {
			isa = PBXSourcesBuildPhase;
			buildActionMask = 2147483647;
			files = (
				7AB5C011256E138200C45814 /* ImageCollectionViewCell.swift in Sources */,
				7AB5C00B256E109300C45814 /* Model.swift in Sources */,
				7A8DFD95256E068400C173E5 /* ViewController.swift in Sources */,
				7ACE36B6256E56D000D0363B /* ImageViewController.swift in Sources */,
				7A8DFD91256E068400C173E5 /* AppDelegate.swift in Sources */,
				7A8DFD93256E068400C173E5 /* SceneDelegate.swift in Sources */,
				7AB5C006256E0CA100C45814 /* Extension.swift in Sources */,
			);
			runOnlyForDeploymentPostprocessing = 0;
		};
		7A8DFD9F256E068500C173E5 /* Sources */ = {
			isa = PBXSourcesBuildPhase;
			buildActionMask = 2147483647;
			files = (
				7A8DFDA8256E068500C173E5 /* Unsplash_KrakenTests.swift in Sources */,
			);
			runOnlyForDeploymentPostprocessing = 0;
		};
		7A8DFDAA256E068500C173E5 /* Sources */ = {
			isa = PBXSourcesBuildPhase;
			buildActionMask = 2147483647;
			files = (
				7A8DFDB3256E068500C173E5 /* Unsplash_KrakenUITests.swift in Sources */,
			);
			runOnlyForDeploymentPostprocessing = 0;
		};
/* End PBXSourcesBuildPhase section */

/* Begin PBXTargetDependency section */
		7A8DFDA5256E068500C173E5 /* PBXTargetDependency */ = {
			isa = PBXTargetDependency;
			target = 7A8DFD8C256E068400C173E5 /* Unsplash Kraken */;
			targetProxy = 7A8DFDA4256E068500C173E5 /* PBXContainerItemProxy */;
		};
		7A8DFDB0256E068500C173E5 /* PBXTargetDependency */ = {
			isa = PBXTargetDependency;
			target = 7A8DFD8C256E068400C173E5 /* Unsplash Kraken */;
			targetProxy = 7A8DFDAF256E068500C173E5 /* PBXContainerItemProxy */;
		};
/* End PBXTargetDependency section */

/* Begin PBXVariantGroup section */
		7A8DFD96256E068400C173E5 /* Main.storyboard */ = {
			isa = PBXVariantGroup;
			children = (
				7A8DFD97256E068400C173E5 /* Base */,
			);
			name = Main.storyboard;
			sourceTree = "<group>";
		};
		7A8DFD9B256E068500C173E5 /* LaunchScreen.storyboard */ = {
			isa = PBXVariantGroup;
			children = (
				7A8DFD9C256E068500C173E5 /* Base */,
			);
			name = LaunchScreen.storyboard;
			sourceTree = "<group>";
		};
/* End PBXVariantGroup section */

/* Begin XCBuildConfiguration section */
		7A8DFDB5256E068500C173E5 /* Debug */ = {
			isa = XCBuildConfiguration;
			buildSettings = {
				ALWAYS_SEARCH_USER_PATHS = NO;
				CLANG_ANALYZER_NONNULL = YES;
				CLANG_ANALYZER_NUMBER_OBJECT_CONVERSION = YES_AGGRESSIVE;
				CLANG_CXX_LANGUAGE_STANDARD = "gnu++14";
				CLANG_CXX_LIBRARY = "libc++";
				CLANG_ENABLE_MODULES = YES;
				CLANG_ENABLE_OBJC_ARC = YES;
				CLANG_ENABLE_OBJC_WEAK = YES;
				CLANG_WARN_BLOCK_CAPTURE_AUTORELEASING = YES;
				CLANG_WARN_BOOL_CONVERSION = YES;
				CLANG_WARN_COMMA = YES;
				CLANG_WARN_CONSTANT_CONVERSION = YES;
				CLANG_WARN_DEPRECATED_OBJC_IMPLEMENTATIONS = YES;
				CLANG_WARN_DIRECT_OBJC_ISA_USAGE = YES_ERROR;
				CLANG_WARN_DOCUMENTATION_COMMENTS = YES;
				CLANG_WARN_EMPTY_BODY = YES;
				CLANG_WARN_ENUM_CONVERSION = YES;
				CLANG_WARN_INFINITE_RECURSION = YES;
				CLANG_WARN_INT_CONVERSION = YES;
				CLANG_WARN_NON_LITERAL_NULL_CONVERSION = YES;
				CLANG_WARN_OBJC_IMPLICIT_RETAIN_SELF = YES;
				CLANG_WARN_OBJC_LITERAL_CONVERSION = YES;
				CLANG_WARN_OBJC_ROOT_CLASS = YES_ERROR;
				CLANG_WARN_QUOTED_INCLUDE_IN_FRAMEWORK_HEADER = YES;
				CLANG_WARN_RANGE_LOOP_ANALYSIS = YES;
				CLANG_WARN_STRICT_PROTOTYPES = YES;
				CLANG_WARN_SUSPICIOUS_MOVE = YES;
				CLANG_WARN_UNGUARDED_AVAILABILITY = YES_AGGRESSIVE;
				CLANG_WARN_UNREACHABLE_CODE = YES;
				CLANG_WARN__DUPLICATE_METHOD_MATCH = YES;
				COPY_PHASE_STRIP = NO;
				DEBUG_INFORMATION_FORMAT = dwarf;
				ENABLE_STRICT_OBJC_MSGSEND = YES;
				ENABLE_TESTABILITY = YES;
				GCC_C_LANGUAGE_STANDARD = gnu11;
				GCC_DYNAMIC_NO_PIC = NO;
				GCC_NO_COMMON_BLOCKS = YES;
				GCC_OPTIMIZATION_LEVEL = 0;
				GCC_PREPROCESSOR_DEFINITIONS = (
					"DEBUG=1",
					"$(inherited)",
				);
				GCC_WARN_64_TO_32_BIT_CONVERSION = YES;
				GCC_WARN_ABOUT_RETURN_TYPE = YES_ERROR;
				GCC_WARN_UNDECLARED_SELECTOR = YES;
				GCC_WARN_UNINITIALIZED_AUTOS = YES_AGGRESSIVE;
				GCC_WARN_UNUSED_FUNCTION = YES;
				GCC_WARN_UNUSED_VARIABLE = YES;
				IPHONEOS_DEPLOYMENT_TARGET = 14.2;
				MTL_ENABLE_DEBUG_INFO = INCLUDE_SOURCE;
				MTL_FAST_MATH = YES;
				ONLY_ACTIVE_ARCH = YES;
				SDKROOT = iphoneos;
				SWIFT_ACTIVE_COMPILATION_CONDITIONS = DEBUG;
				SWIFT_OPTIMIZATION_LEVEL = "-Onone";
			};
			name = Debug;
		};
		7A8DFDB6256E068500C173E5 /* Release */ = {
			isa = XCBuildConfiguration;
			buildSettings = {
				ALWAYS_SEARCH_USER_PATHS = NO;
				CLANG_ANALYZER_NONNULL = YES;
				CLANG_ANALYZER_NUMBER_OBJECT_CONVERSION = YES_AGGRESSIVE;
				CLANG_CXX_LANGUAGE_STANDARD = "gnu++14";
				CLANG_CXX_LIBRARY = "libc++";
				CLANG_ENABLE_MODULES = YES;
				CLANG_ENABLE_OBJC_ARC = YES;
				CLANG_ENABLE_OBJC_WEAK = YES;
				CLANG_WARN_BLOCK_CAPTURE_AUTORELEASING = YES;
				CLANG_WARN_BOOL_CONVERSION = YES;
				CLANG_WARN_COMMA = YES;
				CLANG_WARN_CONSTANT_CONVERSION = YES;
				CLANG_WARN_DEPRECATED_OBJC_IMPLEMENTATIONS = YES;
				CLANG_WARN_DIRECT_OBJC_ISA_USAGE = YES_ERROR;
				CLANG_WARN_DOCUMENTATION_COMMENTS = YES;
				CLANG_WARN_EMPTY_BODY = YES;
				CLANG_WARN_ENUM_CONVERSION = YES;
				CLANG_WARN_INFINITE_RECURSION = YES;
				CLANG_WARN_INT_CONVERSION = YES;
				CLANG_WARN_NON_LITERAL_NULL_CONVERSION = YES;
				CLANG_WARN_OBJC_IMPLICIT_RETAIN_SELF = YES;
				CLANG_WARN_OBJC_LITERAL_CONVERSION = YES;
				CLANG_WARN_OBJC_ROOT_CLASS = YES_ERROR;
				CLANG_WARN_QUOTED_INCLUDE_IN_FRAMEWORK_HEADER = YES;
				CLANG_WARN_RANGE_LOOP_ANALYSIS = YES;
				CLANG_WARN_STRICT_PROTOTYPES = YES;
				CLANG_WARN_SUSPICIOUS_MOVE = YES;
				CLANG_WARN_UNGUARDED_AVAILABILITY = YES_AGGRESSIVE;
				CLANG_WARN_UNREACHABLE_CODE = YES;
				CLANG_WARN__DUPLICATE_METHOD_MATCH = YES;
				COPY_PHASE_STRIP = NO;
				DEBUG_INFORMATION_FORMAT = "dwarf-with-dsym";
				ENABLE_NS_ASSERTIONS = NO;
				ENABLE_STRICT_OBJC_MSGSEND = YES;
				GCC_C_LANGUAGE_STANDARD = gnu11;
				GCC_NO_COMMON_BLOCKS = YES;
				GCC_WARN_64_TO_32_BIT_CONVERSION = YES;
				GCC_WARN_ABOUT_RETURN_TYPE = YES_ERROR;
				GCC_WARN_UNDECLARED_SELECTOR = YES;
				GCC_WARN_UNINITIALIZED_AUTOS = YES_AGGRESSIVE;
				GCC_WARN_UNUSED_FUNCTION = YES;
				GCC_WARN_UNUSED_VARIABLE = YES;
				IPHONEOS_DEPLOYMENT_TARGET = 14.2;
				MTL_ENABLE_DEBUG_INFO = NO;
				MTL_FAST_MATH = YES;
				SDKROOT = iphoneos;
				SWIFT_COMPILATION_MODE = wholemodule;
				SWIFT_OPTIMIZATION_LEVEL = "-O";
				VALIDATE_PRODUCT = YES;
			};
			name = Release;
		};
		7A8DFDB8256E068500C173E5 /* Debug */ = {
			isa = XCBuildConfiguration;
			buildSettings = {
				ASSETCATALOG_COMPILER_APPICON_NAME = AppIcon;
				ASSETCATALOG_COMPILER_GLOBAL_ACCENT_COLOR_NAME = AccentColor;
				CODE_SIGN_STYLE = Automatic;
				DEVELOPMENT_TEAM = 497N7524MA;
				INFOPLIST_FILE = "Unsplash Kraken/Info.plist";
				LD_RUNPATH_SEARCH_PATHS = (
					"$(inherited)",
					"@executable_path/Frameworks",
				);
				PRODUCT_BUNDLE_IDENTIFIER = "com.williamsantoso.Unsplash-Kraken";
				PRODUCT_NAME = "$(TARGET_NAME)";
				SWIFT_VERSION = 5.0;
				TARGETED_DEVICE_FAMILY = "1,2";
			};
			name = Debug;
		};
		7A8DFDB9256E068500C173E5 /* Release */ = {
			isa = XCBuildConfiguration;
			buildSettings = {
				ASSETCATALOG_COMPILER_APPICON_NAME = AppIcon;
				ASSETCATALOG_COMPILER_GLOBAL_ACCENT_COLOR_NAME = AccentColor;
				CODE_SIGN_STYLE = Automatic;
				DEVELOPMENT_TEAM = 497N7524MA;
				INFOPLIST_FILE = "Unsplash Kraken/Info.plist";
				LD_RUNPATH_SEARCH_PATHS = (
					"$(inherited)",
					"@executable_path/Frameworks",
				);
				PRODUCT_BUNDLE_IDENTIFIER = "com.williamsantoso.Unsplash-Kraken";
				PRODUCT_NAME = "$(TARGET_NAME)";
				SWIFT_VERSION = 5.0;
				TARGETED_DEVICE_FAMILY = "1,2";
			};
			name = Release;
		};
		7A8DFDBB256E068500C173E5 /* Debug */ = {
			isa = XCBuildConfiguration;
			buildSettings = {
				ALWAYS_EMBED_SWIFT_STANDARD_LIBRARIES = YES;
				BUNDLE_LOADER = "$(TEST_HOST)";
				CODE_SIGN_STYLE = Automatic;
				DEVELOPMENT_TEAM = 497N7524MA;
				INFOPLIST_FILE = "Unsplash KrakenTests/Info.plist";
				IPHONEOS_DEPLOYMENT_TARGET = 14.2;
				LD_RUNPATH_SEARCH_PATHS = (
					"$(inherited)",
					"@executable_path/Frameworks",
					"@loader_path/Frameworks",
				);
				PRODUCT_BUNDLE_IDENTIFIER = "com.williamsantoso.Unsplash-KrakenTests";
				PRODUCT_NAME = "$(TARGET_NAME)";
				SWIFT_VERSION = 5.0;
				TARGETED_DEVICE_FAMILY = "1,2";
				TEST_HOST = "$(BUILT_PRODUCTS_DIR)/Unsplash Kraken.app/Unsplash Kraken";
			};
			name = Debug;
		};
		7A8DFDBC256E068500C173E5 /* Release */ = {
			isa = XCBuildConfiguration;
			buildSettings = {
				ALWAYS_EMBED_SWIFT_STANDARD_LIBRARIES = YES;
				BUNDLE_LOADER = "$(TEST_HOST)";
				CODE_SIGN_STYLE = Automatic;
				DEVELOPMENT_TEAM = 497N7524MA;
				INFOPLIST_FILE = "Unsplash KrakenTests/Info.plist";
				IPHONEOS_DEPLOYMENT_TARGET = 14.2;
				LD_RUNPATH_SEARCH_PATHS = (
					"$(inherited)",
					"@executable_path/Frameworks",
					"@loader_path/Frameworks",
				);
				PRODUCT_BUNDLE_IDENTIFIER = "com.williamsantoso.Unsplash-KrakenTests";
				PRODUCT_NAME = "$(TARGET_NAME)";
				SWIFT_VERSION = 5.0;
				TARGETED_DEVICE_FAMILY = "1,2";
				TEST_HOST = "$(BUILT_PRODUCTS_DIR)/Unsplash Kraken.app/Unsplash Kraken";
			};
			name = Release;
		};
		7A8DFDBE256E068500C173E5 /* Debug */ = {
			isa = XCBuildConfiguration;
			buildSettings = {
				ALWAYS_EMBED_SWIFT_STANDARD_LIBRARIES = YES;
				CODE_SIGN_STYLE = Automatic;
				DEVELOPMENT_TEAM = 497N7524MA;
				INFOPLIST_FILE = "Unsplash KrakenUITests/Info.plist";
				LD_RUNPATH_SEARCH_PATHS = (
					"$(inherited)",
					"@executable_path/Frameworks",
					"@loader_path/Frameworks",
				);
				PRODUCT_BUNDLE_IDENTIFIER = "com.williamsantoso.Unsplash-KrakenUITests";
				PRODUCT_NAME = "$(TARGET_NAME)";
				SWIFT_VERSION = 5.0;
				TARGETED_DEVICE_FAMILY = "1,2";
				TEST_TARGET_NAME = "Unsplash Kraken";
			};
			name = Debug;
		};
		7A8DFDBF256E068500C173E5 /* Release */ = {
			isa = XCBuildConfiguration;
			buildSettings = {
				ALWAYS_EMBED_SWIFT_STANDARD_LIBRARIES = YES;
				CODE_SIGN_STYLE = Automatic;
				DEVELOPMENT_TEAM = 497N7524MA;
				INFOPLIST_FILE = "Unsplash KrakenUITests/Info.plist";
				LD_RUNPATH_SEARCH_PATHS = (
					"$(inherited)",
					"@executable_path/Frameworks",
					"@loader_path/Frameworks",
				);
				PRODUCT_BUNDLE_IDENTIFIER = "com.williamsantoso.Unsplash-KrakenUITests";
				PRODUCT_NAME = "$(TARGET_NAME)";
				SWIFT_VERSION = 5.0;
				TARGETED_DEVICE_FAMILY = "1,2";
				TEST_TARGET_NAME = "Unsplash Kraken";
			};
			name = Release;
		};
/* End XCBuildConfiguration section */

/* Begin XCConfigurationList section */
		7A8DFD88256E068400C173E5 /* Build configuration list for PBXProject "Unsplash Kraken" */ = {
			isa = XCConfigurationList;
			buildConfigurations = (
				7A8DFDB5256E068500C173E5 /* Debug */,
				7A8DFDB6256E068500C173E5 /* Release */,
			);
			defaultConfigurationIsVisible = 0;
			defaultConfigurationName = Release;
		};
		7A8DFDB7256E068500C173E5 /* Build configuration list for PBXNativeTarget "Unsplash Kraken" */ = {
			isa = XCConfigurationList;
			buildConfigurations = (
				7A8DFDB8256E068500C173E5 /* Debug */,
				7A8DFDB9256E068500C173E5 /* Release */,
			);
			defaultConfigurationIsVisible = 0;
			defaultConfigurationName = Release;
		};
		7A8DFDBA256E068500C173E5 /* Build configuration list for PBXNativeTarget "Unsplash KrakenTests" */ = {
			isa = XCConfigurationList;
			buildConfigurations = (
				7A8DFDBB256E068500C173E5 /* Debug */,
				7A8DFDBC256E068500C173E5 /* Release */,
			);
			defaultConfigurationIsVisible = 0;
			defaultConfigurationName = Release;
		};
		7A8DFDBD256E068500C173E5 /* Build configuration list for PBXNativeTarget "Unsplash KrakenUITests" */ = {
			isa = XCConfigurationList;
			buildConfigurations = (
				7A8DFDBE256E068500C173E5 /* Debug */,
				7A8DFDBF256E068500C173E5 /* Release */,
			);
			defaultConfigurationIsVisible = 0;
			defaultConfigurationName = Release;
		};
/* End XCConfigurationList section */
	};
	rootObject = 7A8DFD85256E068400C173E5 /* Project object */;
}
